
Microsoft Visual Studio Solution File, Format Version 12.00
# Visual Studio 15
VisualStudioVersion = 15.0.27004.2005
MinimumVisualStudioVersion = 10.0.40219.1
Project("{2150E333-8FDC-42A3-9474-1A3956D46DE8}") = "tests", "tests", "{C976F0F8-3743-4BBD-8A7C-53660F2C7B72}"
EndProject
Project("{2150E333-8FDC-42A3-9474-1A3956D46DE8}") = "DNS", "DNS", "{51F9AEF6-9501-46D2-B4DB-481D8B649866}"
EndProject
Project("{9A19103F-16F7-4668-BE54-9A1E7A4F7556}") = "DNS", "DNS\DNS.csproj", "{0F7004C7-BF98-49D4-8362-FC480E043256}"
EndProject
Project("{9A19103F-16F7-4668-BE54-9A1E7A4F7556}") = "Tests", "Tests\Tests.csproj", "{C158CC76-DE88-455A-B6A8-0E334CB47128}"
EndProject
Project("{9A19103F-16F7-4668-BE54-9A1E7A4F7556}") = "Examples", "Examples\Examples.csproj", "{C3C1DADD-2F85-4B9B-8CE5-EAA87EFC5C67}"
EndProject
Project("{FAE04EC0-301F-11D3-BF4B-00C04F79EFBC}") = "ConsoleTest", "ConsoleTest\ConsoleTest.csproj", "{E65014D2-7A7F-49ED-A0B8-8E3816419B01}"
EndProject
Project("{FAE04EC0-301F-11D3-BF4B-00C04F79EFBC}") = "Sockets.Plugin", "..\..\pcl socket\sockets-for-pcl\Sockets\Sockets.Plugin\Sockets.Plugin.csproj", "{A6FCEF44-D2BA-42C7-B3CB-13667BCD7B54}"
EndProject
Project("{FAE04EC0-301F-11D3-BF4B-00C04F79EFBC}") = "Sockets.Plugin.Abstractions", "..\..\pcl socket\sockets-for-pcl\Sockets\Sockets.Plugin.Abstractions\Sockets.Plugin.Abstractions.csproj", "{6EDB0588-FFC5-4EF5-8A99-9E241D0F878D}"
EndProject
Project("{FAE04EC0-301F-11D3-BF4B-00C04F79EFBC}") = "Sockets.Implementation.NET", "..\..\pcl socket\sockets-for-pcl\Sockets\Sockets.Implementation.NET\Sockets.Implementation.NET.csproj", "{29CE3F18-4038-4686-936D-AB164D5C8B74}"
EndProject
Global
	GlobalSection(SolutionConfigurationPlatforms) = preSolution
		Debug|Any CPU = Debug|Any CPU
		Debug|x86 = Debug|x86
		Release|Any CPU = Release|Any CPU
		Release|x86 = Release|x86
	EndGlobalSection
	GlobalSection(ProjectConfigurationPlatforms) = postSolution
		{0F7004C7-BF98-49D4-8362-FC480E043256}.Debug|Any CPU.ActiveCfg = Debug|Any CPU
		{0F7004C7-BF98-49D4-8362-FC480E043256}.Debug|Any CPU.Build.0 = Debug|Any CPU
		{0F7004C7-BF98-49D4-8362-FC480E043256}.Debug|x86.ActiveCfg = Debug|Any CPU
		{0F7004C7-BF98-49D4-8362-FC480E043256}.Debug|x86.Build.0 = Debug|Any CPU
		{0F7004C7-BF98-49D4-8362-FC480E043256}.Release|Any CPU.ActiveCfg = Release|Any CPU
		{0F7004C7-BF98-49D4-8362-FC480E043256}.Release|Any CPU.Build.0 = Release|Any CPU
		{0F7004C7-BF98-49D4-8362-FC480E043256}.Release|x86.ActiveCfg = Release|Any CPU
		{0F7004C7-BF98-49D4-8362-FC480E043256}.Release|x86.Build.0 = Release|Any CPU
		{C158CC76-DE88-455A-B6A8-0E334CB47128}.Debug|Any CPU.ActiveCfg = Debug|Any CPU
		{C158CC76-DE88-455A-B6A8-0E334CB47128}.Debug|Any CPU.Build.0 = Debug|Any CPU
		{C158CC76-DE88-455A-B6A8-0E334CB47128}.Debug|x86.ActiveCfg = Debug|Any CPU
		{C158CC76-DE88-455A-B6A8-0E334CB47128}.Debug|x86.Build.0 = Debug|Any CPU
		{C158CC76-DE88-455A-B6A8-0E334CB47128}.Release|Any CPU.ActiveCfg = Release|Any CPU
		{C158CC76-DE88-455A-B6A8-0E334CB47128}.Release|Any CPU.Build.0 = Release|Any CPU
		{C158CC76-DE88-455A-B6A8-0E334CB47128}.Release|x86.ActiveCfg = Release|Any CPU
		{C158CC76-DE88-455A-B6A8-0E334CB47128}.Release|x86.Build.0 = Release|Any CPU
		{C3C1DADD-2F85-4B9B-8CE5-EAA87EFC5C67}.Debug|Any CPU.ActiveCfg = Debug|Any CPU
		{C3C1DADD-2F85-4B9B-8CE5-EAA87EFC5C67}.Debug|Any CPU.Build.0 = Debug|Any CPU
		{C3C1DADD-2F85-4B9B-8CE5-EAA87EFC5C67}.Debug|x86.ActiveCfg = Debug|Any CPU
		{C3C1DADD-2F85-4B9B-8CE5-EAA87EFC5C67}.Debug|x86.Build.0 = Debug|Any CPU
		{C3C1DADD-2F85-4B9B-8CE5-EAA87EFC5C67}.Release|Any CPU.ActiveCfg = Release|Any CPU
		{C3C1DADD-2F85-4B9B-8CE5-EAA87EFC5C67}.Release|Any CPU.Build.0 = Release|Any CPU
		{C3C1DADD-2F85-4B9B-8CE5-EAA87EFC5C67}.Release|x86.ActiveCfg = Release|Any CPU
		{C3C1DADD-2F85-4B9B-8CE5-EAA87EFC5C67}.Release|x86.Build.0 = Release|Any CPU
		{E65014D2-7A7F-49ED-A0B8-8E3816419B01}.Debug|Any CPU.ActiveCfg = Debug|Any CPU
		{E65014D2-7A7F-49ED-A0B8-8E3816419B01}.Debug|Any CPU.Build.0 = Debug|Any CPU
		{E65014D2-7A7F-49ED-A0B8-8E3816419B01}.Debug|x86.ActiveCfg = Debug|Any CPU
		{E65014D2-7A7F-49ED-A0B8-8E3816419B01}.Debug|x86.Build.0 = Debug|Any CPU
		{E65014D2-7A7F-49ED-A0B8-8E3816419B01}.Release|Any CPU.ActiveCfg = Release|Any CPU
		{E65014D2-7A7F-49ED-A0B8-8E3816419B01}.Release|Any CPU.Build.0 = Release|Any CPU
		{E65014D2-7A7F-49ED-A0B8-8E3816419B01}.Release|x86.ActiveCfg = Release|Any CPU
		{E65014D2-7A7F-49ED-A0B8-8E3816419B01}.Release|x86.Build.0 = Release|Any CPU
		{A6FCEF44-D2BA-42C7-B3CB-13667BCD7B54}.Debug|Any CPU.ActiveCfg = Debug|Any CPU
		{A6FCEF44-D2BA-42C7-B3CB-13667BCD7B54}.Debug|Any CPU.Build.0 = Debug|Any CPU
		{A6FCEF44-D2BA-42C7-B3CB-13667BCD7B54}.Debug|x86.ActiveCfg = Debug|Any CPU
		{A6FCEF44-D2BA-42C7-B3CB-13667BCD7B54}.Debug|x86.Build.0 = Debug|Any CPU
		{A6FCEF44-D2BA-42C7-B3CB-13667BCD7B54}.Release|Any CPU.ActiveCfg = Release|Any CPU
		{A6FCEF44-D2BA-42C7-B3CB-13667BCD7B54}.Release|Any CPU.Build.0 = Release|Any CPU
		{A6FCEF44-D2BA-42C7-B3CB-13667BCD7B54}.Release|x86.ActiveCfg = Release|Any CPU
		{A6FCEF44-D2BA-42C7-B3CB-13667BCD7B54}.Release|x86.Build.0 = Release|Any CPU
		{6EDB0588-FFC5-4EF5-8A99-9E241D0F878D}.Debug|Any CPU.ActiveCfg = Debug|Any CPU
		{6EDB0588-FFC5-4EF5-8A99-9E241D0F878D}.Debug|Any CPU.Build.0 = Debug|Any CPU
		{6EDB0588-FFC5-4EF5-8A99-9E241D0F878D}.Debug|x86.ActiveCfg = Debug|Any CPU
		{6EDB0588-FFC5-4EF5-8A99-9E241D0F878D}.Debug|x86.Build.0 = Debug|Any CPU
		{6EDB0588-FFC5-4EF5-8A99-9E241D0F878D}.Release|Any CPU.ActiveCfg = Release|Any CPU
		{6EDB0588-FFC5-4EF5-8A99-9E241D0F878D}.Release|Any CPU.Build.0 = Release|Any CPU
		{6EDB0588-FFC5-4EF5-8A99-9E241D0F878D}.Release|x86.ActiveCfg = Release|Any CPU
		{6EDB0588-FFC5-4EF5-8A99-9E241D0F878D}.Release|x86.Build.0 = Release|Any CPU
		{29CE3F18-4038-4686-936D-AB164D5C8B74}.Debug|Any CPU.ActiveCfg = Debug|Any CPU
		{29CE3F18-4038-4686-936D-AB164D5C8B74}.Debug|Any CPU.Build.0 = Debug|Any CPU
		{29CE3F18-4038-4686-936D-AB164D5C8B74}.Debug|x86.ActiveCfg = Debug|Any CPU
		{29CE3F18-4038-4686-936D-AB164D5C8B74}.Debug|x86.Build.0 = Debug|Any CPU
		{29CE3F18-4038-4686-936D-AB164D5C8B74}.Release|Any CPU.ActiveCfg = Release|Any CPU
		{29CE3F18-4038-4686-936D-AB164D5C8B74}.Release|Any CPU.Build.0 = Release|Any CPU
		{29CE3F18-4038-4686-936D-AB164D5C8B74}.Release|x86.ActiveCfg = Release|Any CPU
		{29CE3F18-4038-4686-936D-AB164D5C8B74}.Release|x86.Build.0 = Release|Any CPU
	EndGlobalSection
	GlobalSection(SolutionProperties) = preSolution
		HideSolutionNode = FALSE
	EndGlobalSection
	GlobalSection(NestedProjects) = preSolution
		{0F7004C7-BF98-49D4-8362-FC480E043256} = {51F9AEF6-9501-46D2-B4DB-481D8B649866}
		{C158CC76-DE88-455A-B6A8-0E334CB47128} = {C976F0F8-3743-4BBD-8A7C-53660F2C7B72}
		{C3C1DADD-2F85-4B9B-8CE5-EAA87EFC5C67} = {51F9AEF6-9501-46D2-B4DB-481D8B649866}
		{A6FCEF44-D2BA-42C7-B3CB-13667BCD7B54} = {51F9AEF6-9501-46D2-B4DB-481D8B649866}
		{6EDB0588-FFC5-4EF5-8A99-9E241D0F878D} = {51F9AEF6-9501-46D2-B4DB-481D8B649866}
		{29CE3F18-4038-4686-936D-AB164D5C8B74} = {51F9AEF6-9501-46D2-B4DB-481D8B649866}
	EndGlobalSection
	GlobalSection(ExtensibilityGlobals) = postSolution
		SolutionGuid = {485794D2-52D5-4D8A-8019-C570BEA4932E}
	EndGlobalSection
EndGlobal
